
Microsoft Visual Studio Solution File, Format Version 12.00
# Visual Studio Version 17
VisualStudioVersion = 17.0.31903.59
MinimumVisualStudioVersion = 10.0.40219.1
Project("{FAE04EC0-301F-11D3-BF4B-00C04F79EFBC}") = "TMSLesson16", "TMSLesson16\TMSLesson16.csproj", "{A27F60AE-03BF-4DBE-978A-93A25BB9CD9E}"
EndProject
Global
	GlobalSection(SolutionConfigurationPlatforms) = preSolution
		Debug|Any CPU = Debug|Any CPU
		Release|Any CPU = Release|Any CPU
	EndGlobalSection
	GlobalSection(ProjectConfigurationPlatforms) = postSolution
		{A27F60AE-03BF-4DBE-978A-93A25BB9CD9E}.Debug|Any CPU.ActiveCfg = Debug|Any CPU
		{A27F60AE-03BF-4DBE-978A-93A25BB9CD9E}.Debug|Any CPU.Build.0 = Debug|Any CPU
		{A27F60AE-03BF-4DBE-978A-93A25BB9CD9E}.Release|Any CPU.ActiveCfg = Release|Any CPU
		{A27F60AE-03BF-4DBE-978A-93A25BB9CD9E}.Release|Any CPU.Build.0 = Release|Any CPU
	EndGlobalSection
	GlobalSection(SolutionProperties) = preSolution
		HideSolutionNode = FALSE
	EndGlobalSection
	GlobalSection(ExtensibilityGlobals) = postSolution
		SolutionGuid = {44E76912-4ECD-470C-A796-FD46B915E372}
	EndGlobalSection
EndGlobal
